
Microsoft Visual Studio Solution File, Format Version 12.00
# Visual Studio Version 17
VisualStudioVersion = 17.9.34622.214
MinimumVisualStudioVersion = 10.0.40219.1
Project("{FAE04EC0-301F-11D3-BF4B-00C04F79EFBC}") = "test", "test\test.csproj", "{D38456FB-948A-4686-BE9C-9DD51D18EFE1}"
EndProject
Global
	GlobalSection(SolutionConfigurationPlatforms) = preSolution
		Debug|Any CPU = Debug|Any CPU
		Release|Any CPU = Release|Any CPU
	EndGlobalSection
	GlobalSection(ProjectConfigurationPlatforms) = postSolution
		{D38456FB-948A-4686-BE9C-9DD51D18EFE1}.Debug|Any CPU.ActiveCfg = Debug|Any CPU
		{D38456FB-948A-4686-BE9C-9DD51D18EFE1}.Debug|Any CPU.Build.0 = Debug|Any CPU
		{D38456FB-948A-4686-BE9C-9DD51D18EFE1}.Release|Any CPU.ActiveCfg = Release|Any CPU
		{D38456FB-948A-4686-BE9C-9DD51D18EFE1}.Release|Any CPU.Build.0 = Release|Any CPU
	EndGlobalSection
	GlobalSection(SolutionProperties) = preSolution
		HideSolutionNode = FALSE
	EndGlobalSection
	GlobalSection(ExtensibilityGlobals) = postSolution
		SolutionGuid = {B14DC61E-7F2F-43A9-97B4-AAE9A404BECE}
	EndGlobalSection
EndGlobal
